
Microsoft Visual Studio Solution File, Format Version 12.00
# Visual Studio 15
Project("{FAE04EC0-301F-11D3-BF4B-00C04F79EFBC}") = "Unity.Timeline", "Unity.Timeline.csproj", "{59CD70D8-45FC-0814-9F45-C7B94EB1ADD2}"
EndProject
Project("{FAE04EC0-301F-11D3-BF4B-00C04F79EFBC}") = "Unity.Timeline.Editor", "Unity.Timeline.Editor.csproj", "{9C69231C-02AC-A69C-4B28-A8F5D986306F}"
EndProject
Project("{FAE04EC0-301F-11D3-BF4B-00C04F79EFBC}") = "Unity.2D.Tilemap.Editor", "Unity.2D.Tilemap.Editor.csproj", "{67147362-ED66-5ECC-5722-11C554304EC3}"
EndProject
Project("{FAE04EC0-301F-11D3-BF4B-00C04F79EFBC}") = "Unity.TextMeshPro.Editor", "Unity.TextMeshPro.Editor.csproj", "{8AE8A8DE-3895-3C12-6DFE-C60FC912A87C}"
EndProject
Project("{FAE04EC0-301F-11D3-BF4B-00C04F79EFBC}") = "Unity.2D.Aseprite.Editor", "Unity.2D.Aseprite.Editor.csproj", "{14576A82-3CA5-17FC-A072-1F06364E0D71}"
EndProject
Project("{FAE04EC0-301F-11D3-BF4B-00C04F79EFBC}") = "Unity.VisualScripting.Flow", "Unity.VisualScripting.Flow.csproj", "{91254EAE-17A4-1199-7C60-5ACBF0832D6B}"
EndProject
Project("{FAE04EC0-301F-11D3-BF4B-00C04F79EFBC}") = "UnityEditor.UI", "UnityEditor.UI.csproj", "{FF154B35-9E18-FBF1-882C-15D0A1394CDE}"
EndProject
Project("{FAE04EC0-301F-11D3-BF4B-00C04F79EFBC}") = "Unity.PlasticSCM.Editor", "Unity.PlasticSCM.Editor.csproj", "{946C1D21-11FB-FAFD-1377-A3AD5366FF37}"
EndProject
Project("{FAE04EC0-301F-11D3-BF4B-00C04F79EFBC}") = "Unity.2D.Psdimporter.Editor", "Unity.2D.Psdimporter.Editor.csproj", "{BC5242F3-E97D-8A64-1390-6B5C4699DB59}"
EndProject
Project("{FAE04EC0-301F-11D3-BF4B-00C04F79EFBC}") = "Unity.VisualScripting.Core", "Unity.VisualScripting.Core.csproj", "{18DFAD70-48B1-FFA4-FA55-686FBD7E4EF1}"
EndProject
Project("{FAE04EC0-301F-11D3-BF4B-00C04F79EFBC}") = "Unity.Mathematics", "Unity.Mathematics.csproj", "{9541C3E6-11ED-A46A-6979-CE9476FED020}"
EndProject
Project("{FAE04EC0-301F-11D3-BF4B-00C04F79EFBC}") = "Unity.2D.Animation.Editor", "Unity.2D.Animation.Editor.csproj", "{CF6F5D8B-FEE9-E719-53CD-EF41BFA089B9}"
EndProject
Project("{FAE04EC0-301F-11D3-BF4B-00C04F79EFBC}") = "Unity.2D.Common.Path.Editor", "Unity.2D.Common.Path.Editor.csproj", "{340C64B1-DA63-BE3C-65FB-E21F257CD0E0}"
EndProject
Project("{FAE04EC0-301F-11D3-BF4B-00C04F79EFBC}") = "Unity.VisualScripting.Core.Editor", "Unity.VisualScripting.Core.Editor.csproj", "{E9203A22-3F8A-F4DC-B963-8E7BFB654A17}"
EndProject
Project("{FAE04EC0-301F-11D3-BF4B-00C04F79EFBC}") = "Unity.2D.IK.Runtime", "Unity.2D.IK.Runtime.csproj", "{1E1EA7CF-E1F9-DC3C-833C-0C0E4B2B6352}"
EndProject
Project("{FAE04EC0-301F-11D3-BF4B-00C04F79EFBC}") = "Unity.VisualScripting.Flow.Editor", "Unity.VisualScripting.Flow.Editor.csproj", "{14B62573-A9E5-6DA7-56CA-74E47B56A78B}"
EndProject
Project("{FAE04EC0-301F-11D3-BF4B-00C04F79EFBC}") = "UnityEditor.TestRunner", "UnityEditor.TestRunner.csproj", "{90441198-B93F-18FF-1BA0-1901806867FF}"
EndProject
Project("{FAE04EC0-301F-11D3-BF4B-00C04F79EFBC}") = "Unity.VisualScripting.SettingsProvider.Editor", "Unity.VisualScripting.SettingsProvider.Editor.csproj", "{98FBBB47-4458-EC7C-7F4D-761D9CEEF065}"
EndProject
Project("{FAE04EC0-301F-11D3-BF4B-00C04F79EFBC}") = "UnityEngine.TestRunner", "UnityEngine.TestRunner.csproj", "{9009DBB0-789C-C1F4-7146-CCCBC6FBA92B}"
EndProject
Project("{FAE04EC0-301F-11D3-BF4B-00C04F79EFBC}") = "PsdPlugin", "PsdPlugin.csproj", "{2ABC80A5-87FC-9177-9957-C32C27086018}"
EndProject
Project("{FAE04EC0-301F-11D3-BF4B-00C04F79EFBC}") = "Unity.Burst", "Unity.Burst.csproj", "{F9951AB9-210C-0253-44DA-BB5EF00FE0E3}"
EndProject
Project("{FAE04EC0-301F-11D3-BF4B-00C04F79EFBC}") = "UnityEngine.UI", "UnityEngine.UI.csproj", "{DFCD6102-66A6-A782-1DFA-18E96E29F317}"
EndProject
Project("{FAE04EC0-301F-11D3-BF4B-00C04F79EFBC}") = "Unity.2D.SpriteShape.Editor", "Unity.2D.SpriteShape.Editor.csproj", "{95B0BA76-CBED-8AC7-0408-B110C1662FA4}"
EndProject
Project("{FAE04EC0-301F-11D3-BF4B-00C04F79EFBC}") = "Unity.Collections", "Unity.Collections.csproj", "{BE06A363-3BFE-CF5D-485B-9AF0417D6857}"
EndProject
Project("{FAE04EC0-301F-11D3-BF4B-00C04F79EFBC}") = "Unity.VisualStudio.Editor", "Unity.VisualStudio.Editor.csproj", "{4769BD92-A793-D3E4-61FE-BEC49137C606}"
EndProject
Project("{FAE04EC0-301F-11D3-BF4B-00C04F79EFBC}") = "Unity.2D.Tilemap.Extras.Editor", "Unity.2D.Tilemap.Extras.Editor.csproj", "{3A68BAFD-3361-74CE-5F00-F142E2CDF942}"
EndProject
Project("{FAE04EC0-301F-11D3-BF4B-00C04F79EFBC}") = "Unity.Rider.Editor", "Unity.Rider.Editor.csproj", "{572B9DF6-60BA-EF04-5D1B-DA160BE7AA99}"
EndProject
Project("{FAE04EC0-301F-11D3-BF4B-00C04F79EFBC}") = "Unity.InternalAPIEditorBridge.001", "Unity.InternalAPIEditorBridge.001.csproj", "{12F2A2CF-41CA-540D-C008-B2251B62AE0A}"
EndProject
Project("{FAE04EC0-301F-11D3-BF4B-00C04F79EFBC}") = "Unity.2D.SpriteShape.Runtime", "Unity.2D.SpriteShape.Runtime.csproj", "{3795A33A-3A7D-038C-0774-5632CF486A7E}"
EndProject
Project("{FAE04EC0-301F-11D3-BF4B-00C04F79EFBC}") = "Assembly-CSharp", "Assembly-CSharp.csproj", "{C902F1F1-A689-4E8E-E5C9-DB3B10862829}"
EndProject
Project("{FAE04EC0-301F-11D3-BF4B-00C04F79EFBC}") = "Unity.VisualScripting.State.Editor", "Unity.VisualScripting.State.Editor.csproj", "{73B1CDA4-98D8-AB6D-0DDB-B808663A6AF9}"
EndProject
Project("{FAE04EC0-301F-11D3-BF4B-00C04F79EFBC}") = "Unity.2D.Animation.Runtime", "Unity.2D.Animation.Runtime.csproj", "{C7320707-2369-DB13-0DF1-196F7A294BC8}"
EndProject
Project("{FAE04EC0-301F-11D3-BF4B-00C04F79EFBC}") = "Unity.Burst.CodeGen", "Unity.Burst.CodeGen.csproj", "{8DCD2298-EA65-F6DF-619C-1541A4872883}"
EndProject
Project("{FAE04EC0-301F-11D3-BF4B-00C04F79EFBC}") = "Unity.2D.Tilemap.Extras", "Unity.2D.Tilemap.Extras.csproj", "{B6387D1A-4584-CFED-1019-15219D86951D}"
EndProject
Project("{FAE04EC0-301F-11D3-BF4B-00C04F79EFBC}") = "Unity.VisualScripting.State", "Unity.VisualScripting.State.csproj", "{7A51E59C-A3F7-4910-E1C9-316D480C84CD}"
EndProject
Project("{FAE04EC0-301F-11D3-BF4B-00C04F79EFBC}") = "Unity.TextMeshPro", "Unity.TextMeshPro.csproj", "{7B13F6BB-F9E2-2A62-76A4-7F7650722449}"
EndProject
Project("{FAE04EC0-301F-11D3-BF4B-00C04F79EFBC}") = "Unity.2D.Aseprite.Common", "Unity.2D.Aseprite.Common.csproj", "{C783F6F4-E26D-520A-0DCC-9C54C6737547}"
EndProject
Project("{FAE04EC0-301F-11D3-BF4B-00C04F79EFBC}") = "Assembly-CSharp-firstpass", "Assembly-CSharp-firstpass.csproj", "{C5403801-6C81-09C8-9001-99C18F63667F}"
EndProject
Project("{FAE04EC0-301F-11D3-BF4B-00C04F79EFBC}") = "Unity.2D.IK.Editor", "Unity.2D.IK.Editor.csproj", "{AED6007F-86D2-404F-8E1B-238ED25264B9}"
EndProject
Project("{FAE04EC0-301F-11D3-BF4B-00C04F79EFBC}") = "Unity.InternalAPIEngineBridge.001", "Unity.InternalAPIEngineBridge.001.csproj", "{46BCD39C-0C66-F9CA-A6E7-1CA74CAAAC62}"
EndProject
Project("{FAE04EC0-301F-11D3-BF4B-00C04F79EFBC}") = "Unity.Burst.Editor", "Unity.Burst.Editor.csproj", "{EE19A3A0-2AC4-846D-20A8-178D45A0E006}"
EndProject
Project("{FAE04EC0-301F-11D3-BF4B-00C04F79EFBC}") = "Unity.2D.Common.Editor", "Unity.2D.Common.Editor.csproj", "{C7FC3469-2F5C-E469-C693-796C6100DF2C}"
EndProject
Project("{FAE04EC0-301F-11D3-BF4B-00C04F79EFBC}") = "Unity.Sysroot.Linux_x86_64", "Unity.Sysroot.Linux_x86_64.csproj", "{5E30391E-1666-2233-AF6F-A2CFBFBA7FD0}"
EndProject
Project("{FAE04EC0-301F-11D3-BF4B-00C04F79EFBC}") = "Unity.2D.Sprite.Editor", "Unity.2D.Sprite.Editor.csproj", "{941EF6B2-776A-F463-9844-3036AA6CC6A1}"
EndProject
Project("{FAE04EC0-301F-11D3-BF4B-00C04F79EFBC}") = "Unity.2D.PixelPerfect", "Unity.2D.PixelPerfect.csproj", "{884B950A-3805-AD19-2451-C06773F9596E}"
EndProject
Project("{FAE04EC0-301F-11D3-BF4B-00C04F79EFBC}") = "Unity.2D.PixelPerfect.Editor", "Unity.2D.PixelPerfect.Editor.csproj", "{7C240065-4210-A6B6-1C52-6C43624028EE}"
EndProject
Project("{FAE04EC0-301F-11D3-BF4B-00C04F79EFBC}") = "Unity.2D.Common.Runtime", "Unity.2D.Common.Runtime.csproj", "{D35CB876-484E-F3B0-0B40-57ADBC05191E}"
EndProject
Project("{FAE04EC0-301F-11D3-BF4B-00C04F79EFBC}") = "Unity.Mathematics.Editor", "Unity.Mathematics.Editor.csproj", "{2D1B1392-A554-3F5C-7728-4B7D9F999A69}"
EndProject
Project("{FAE04EC0-301F-11D3-BF4B-00C04F79EFBC}") = "Unity.SysrootPackage.Editor", "Unity.SysrootPackage.Editor.csproj", "{5DA652EC-21B6-AC34-3DDB-4F3979C103A2}"
EndProject
Project("{FAE04EC0-301F-11D3-BF4B-00C04F79EFBC}") = "Unity.Collections.BurstCompatibilityGen", "Unity.Collections.BurstCompatibilityGen.csproj", "{BA534118-AF01-3152-D73B-726E2D24D8C9}"
EndProject
Project("{FAE04EC0-301F-11D3-BF4B-00C04F79EFBC}") = "Unity.InternalAPIEditorBridge.005", "Unity.InternalAPIEditorBridge.005.csproj", "{A6DF9181-1A16-515C-3A24-7863D9EF7181}"
EndProject
Project("{FAE04EC0-301F-11D3-BF4B-00C04F79EFBC}") = "Unity.VisualScripting.Shared.Editor", "Unity.VisualScripting.Shared.Editor.csproj", "{995EE674-8ABA-4963-2117-4CD845CDC4A6}"
EndProject
Project("{FAE04EC0-301F-11D3-BF4B-00C04F79EFBC}") = "Unity.Collections.DocCodeSamples", "Unity.Collections.DocCodeSamples.csproj", "{56249B85-60A9-A437-6459-743B32A74F60}"
EndProject
Project("{FAE04EC0-301F-11D3-BF4B-00C04F79EFBC}") = "Unity.Toolchain.Win-x86_64-Linux-x86_64", "Unity.Toolchain.Win-x86_64-Linux-x86_64.csproj", "{EEA24574-1919-D3A2-1CD6-7BEB33BD9306}"
EndProject
Project("{FAE04EC0-301F-11D3-BF4B-00C04F79EFBC}") = "Unity.CollabProxy.Editor", "Unity.CollabProxy.Editor.csproj", "{AD7060DF-25C8-3379-B2D0-5AFFBB1138ED}"
EndProject
Project("{FAE04EC0-301F-11D3-BF4B-00C04F79EFBC}") = "Unity.Timeline", "Unity.Timeline.Player.csproj", "{2D3E0F9B-28D5-8D57-9426-3EA1B2BB3429}"
EndProject
Project("{FAE04EC0-301F-11D3-BF4B-00C04F79EFBC}") = "Unity.VisualScripting.Flow", "Unity.VisualScripting.Flow.Player.csproj", "{3F465D85-FF81-94E8-A53C-DCD76A8D312E}"
EndProject
Project("{FAE04EC0-301F-11D3-BF4B-00C04F79EFBC}") = "Unity.VisualScripting.Core", "Unity.VisualScripting.Core.Player.csproj", "{458D9BE7-C4E9-95E0-9BCB-AAAAFF856851}"
EndProject
Project("{FAE04EC0-301F-11D3-BF4B-00C04F79EFBC}") = "Unity.Mathematics", "Unity.Mathematics.Player.csproj", "{BFCBAAA8-0B81-0F94-C490-014B67A192FD}"
EndProject
Project("{FAE04EC0-301F-11D3-BF4B-00C04F79EFBC}") = "Unity.2D.IK.Runtime", "Unity.2D.IK.Runtime.Player.csproj", "{2A8EC7CD-B298-179E-C971-58890D10EA4C}"
EndProject
Project("{FAE04EC0-301F-11D3-BF4B-00C04F79EFBC}") = "UnityEngine.TestRunner", "UnityEngine.TestRunner.Player.csproj", "{4589DB45-885F-6873-A1B2-69CF75BEFC02}"
EndProject
Project("{FAE04EC0-301F-11D3-BF4B-00C04F79EFBC}") = "Unity.Burst", "Unity.Burst.Player.csproj", "{15DE96B9-5BA3-A69A-FB90-79C28195C448}"
EndProject
Project("{FAE04EC0-301F-11D3-BF4B-00C04F79EFBC}") = "UnityEngine.UI", "UnityEngine.UI.Player.csproj", "{9C6AF678-B41B-CCF5-2922-891B93D970DF}"
EndProject
Project("{FAE04EC0-301F-11D3-BF4B-00C04F79EFBC}") = "Unity.Collections", "Unity.Collections.Player.csproj", "{64AC4E20-9F69-536B-9EC3-BF57D191303E}"
EndProject
Project("{FAE04EC0-301F-11D3-BF4B-00C04F79EFBC}") = "Unity.2D.SpriteShape.Runtime", "Unity.2D.SpriteShape.Runtime.Player.csproj", "{6A425102-1988-78E9-1D7E-5234FB244E10}"
EndProject
Project("{FAE04EC0-301F-11D3-BF4B-00C04F79EFBC}") = "Assembly-CSharp", "Assembly-CSharp.Player.csproj", "{4536D972-E977-53BD-A8FB-98CFF7D653D6}"
EndProject
Project("{FAE04EC0-301F-11D3-BF4B-00C04F79EFBC}") = "Unity.2D.Animation.Runtime", "Unity.2D.Animation.Runtime.Player.csproj", "{85D8272B-AB5F-4F43-121F-1CE25A5DBBE2}"
EndProject
Project("{FAE04EC0-301F-11D3-BF4B-00C04F79EFBC}") = "Unity.2D.Tilemap.Extras", "Unity.2D.Tilemap.Extras.Player.csproj", "{D24C2CD5-934A-EA97-E58E-223D9064F823}"
EndProject
Project("{FAE04EC0-301F-11D3-BF4B-00C04F79EFBC}") = "Unity.VisualScripting.State", "Unity.VisualScripting.State.Player.csproj", "{3D5590B6-54D1-E5DC-9EA3-E1081BC35F10}"
EndProject
Project("{FAE04EC0-301F-11D3-BF4B-00C04F79EFBC}") = "Unity.TextMeshPro", "Unity.TextMeshPro.Player.csproj", "{84037250-B415-D8F4-5EC9-06E4875EA23F}"
EndProject
Project("{FAE04EC0-301F-11D3-BF4B-00C04F79EFBC}") = "Assembly-CSharp-firstpass", "Assembly-CSharp-firstpass.Player.csproj", "{AFB34366-0F86-1F64-2C5C-0647AEC8D034}"
EndProject
Project("{FAE04EC0-301F-11D3-BF4B-00C04F79EFBC}") = "Unity.InternalAPIEngineBridge.001", "Unity.InternalAPIEngineBridge.001.Player.csproj", "{45AAD822-7C1E-4701-E3C2-FCC1BC578C2C}"
EndProject
Project("{FAE04EC0-301F-11D3-BF4B-00C04F79EFBC}") = "Unity.2D.PixelPerfect", "Unity.2D.PixelPerfect.Player.csproj", "{70B25BCF-C1A7-89D4-8913-007773EE76CC}"
EndProject
Project("{FAE04EC0-301F-11D3-BF4B-00C04F79EFBC}") = "Unity.2D.Common.Runtime", "Unity.2D.Common.Runtime.Player.csproj", "{D3532AFC-F1F3-F475-D7CF-DF8AD696E236}"
EndProject
Global
	GlobalSection(SolutionConfigurationPlatforms) = preSolution
		Debug|Any CPU = Debug|Any CPU
		Release|Any CPU = Release|Any CPU
	EndGlobalSection
	GlobalSection(ProjectConfigurationPlatforms) = postSolution
		{59CD70D8-45FC-0814-9F45-C7B94EB1ADD2}.Debug|Any CPU.ActiveCfg = Debug|Any CPU
		{59CD70D8-45FC-0814-9F45-C7B94EB1ADD2}.Debug|Any CPU.Build.0 = Debug|Any CPU
		{59CD70D8-45FC-0814-9F45-C7B94EB1ADD2}.Release|Any CPU.ActiveCfg = Release|Any CPU
		{59CD70D8-45FC-0814-9F45-C7B94EB1ADD2}.Release|Any CPU.Build.0 = Release|Any CPU
		{9C69231C-02AC-A69C-4B28-A8F5D986306F}.Debug|Any CPU.ActiveCfg = Debug|Any CPU
		{9C69231C-02AC-A69C-4B28-A8F5D986306F}.Debug|Any CPU.Build.0 = Debug|Any CPU
		{9C69231C-02AC-A69C-4B28-A8F5D986306F}.Release|Any CPU.ActiveCfg = Release|Any CPU
		{9C69231C-02AC-A69C-4B28-A8F5D986306F}.Release|Any CPU.Build.0 = Release|Any CPU
		{67147362-ED66-5ECC-5722-11C554304EC3}.Debug|Any CPU.ActiveCfg = Debug|Any CPU
		{67147362-ED66-5ECC-5722-11C554304EC3}.Debug|Any CPU.Build.0 = Debug|Any CPU
		{67147362-ED66-5ECC-5722-11C554304EC3}.Release|Any CPU.ActiveCfg = Release|Any CPU
		{67147362-ED66-5ECC-5722-11C554304EC3}.Release|Any CPU.Build.0 = Release|Any CPU
		{8AE8A8DE-3895-3C12-6DFE-C60FC912A87C}.Debug|Any CPU.ActiveCfg = Debug|Any CPU
		{8AE8A8DE-3895-3C12-6DFE-C60FC912A87C}.Debug|Any CPU.Build.0 = Debug|Any CPU
		{8AE8A8DE-3895-3C12-6DFE-C60FC912A87C}.Release|Any CPU.ActiveCfg = Release|Any CPU
		{8AE8A8DE-3895-3C12-6DFE-C60FC912A87C}.Release|Any CPU.Build.0 = Release|Any CPU
		{14576A82-3CA5-17FC-A072-1F06364E0D71}.Debug|Any CPU.ActiveCfg = Debug|Any CPU
		{14576A82-3CA5-17FC-A072-1F06364E0D71}.Debug|Any CPU.Build.0 = Debug|Any CPU
		{14576A82-3CA5-17FC-A072-1F06364E0D71}.Release|Any CPU.ActiveCfg = Release|Any CPU
		{14576A82-3CA5-17FC-A072-1F06364E0D71}.Release|Any CPU.Build.0 = Release|Any CPU
		{91254EAE-17A4-1199-7C60-5ACBF0832D6B}.Debug|Any CPU.ActiveCfg = Debug|Any CPU
		{91254EAE-17A4-1199-7C60-5ACBF0832D6B}.Debug|Any CPU.Build.0 = Debug|Any CPU
		{91254EAE-17A4-1199-7C60-5ACBF0832D6B}.Release|Any CPU.ActiveCfg = Release|Any CPU
		{91254EAE-17A4-1199-7C60-5ACBF0832D6B}.Release|Any CPU.Build.0 = Release|Any CPU
		{FF154B35-9E18-FBF1-882C-15D0A1394CDE}.Debug|Any CPU.ActiveCfg = Debug|Any CPU
		{FF154B35-9E18-FBF1-882C-15D0A1394CDE}.Debug|Any CPU.Build.0 = Debug|Any CPU
		{FF154B35-9E18-FBF1-882C-15D0A1394CDE}.Release|Any CPU.ActiveCfg = Release|Any CPU
		{FF154B35-9E18-FBF1-882C-15D0A1394CDE}.Release|Any CPU.Build.0 = Release|Any CPU
		{946C1D21-11FB-FAFD-1377-A3AD5366FF37}.Debug|Any CPU.ActiveCfg = Debug|Any CPU
		{946C1D21-11FB-FAFD-1377-A3AD5366FF37}.Debug|Any CPU.Build.0 = Debug|Any CPU
		{946C1D21-11FB-FAFD-1377-A3AD5366FF37}.Release|Any CPU.ActiveCfg = Release|Any CPU
		{946C1D21-11FB-FAFD-1377-A3AD5366FF37}.Release|Any CPU.Build.0 = Release|Any CPU
		{BC5242F3-E97D-8A64-1390-6B5C4699DB59}.Debug|Any CPU.ActiveCfg = Debug|Any CPU
		{BC5242F3-E97D-8A64-1390-6B5C4699DB59}.Debug|Any CPU.Build.0 = Debug|Any CPU
		{BC5242F3-E97D-8A64-1390-6B5C4699DB59}.Release|Any CPU.ActiveCfg = Release|Any CPU
		{BC5242F3-E97D-8A64-1390-6B5C4699DB59}.Release|Any CPU.Build.0 = Release|Any CPU
		{18DFAD70-48B1-FFA4-FA55-686FBD7E4EF1}.Debug|Any CPU.ActiveCfg = Debug|Any CPU
		{18DFAD70-48B1-FFA4-FA55-686FBD7E4EF1}.Debug|Any CPU.Build.0 = Debug|Any CPU
		{18DFAD70-48B1-FFA4-FA55-686FBD7E4EF1}.Release|Any CPU.ActiveCfg = Release|Any CPU
		{18DFAD70-48B1-FFA4-FA55-686FBD7E4EF1}.Release|Any CPU.Build.0 = Release|Any CPU
		{9541C3E6-11ED-A46A-6979-CE9476FED020}.Debug|Any CPU.ActiveCfg = Debug|Any CPU
		{9541C3E6-11ED-A46A-6979-CE9476FED020}.Debug|Any CPU.Build.0 = Debug|Any CPU
		{9541C3E6-11ED-A46A-6979-CE9476FED020}.Release|Any CPU.ActiveCfg = Release|Any CPU
		{9541C3E6-11ED-A46A-6979-CE9476FED020}.Release|Any CPU.Build.0 = Release|Any CPU
		{CF6F5D8B-FEE9-E719-53CD-EF41BFA089B9}.Debug|Any CPU.ActiveCfg = Debug|Any CPU
		{CF6F5D8B-FEE9-E719-53CD-EF41BFA089B9}.Debug|Any CPU.Build.0 = Debug|Any CPU
		{CF6F5D8B-FEE9-E719-53CD-EF41BFA089B9}.Release|Any CPU.ActiveCfg = Release|Any CPU
		{CF6F5D8B-FEE9-E719-53CD-EF41BFA089B9}.Release|Any CPU.Build.0 = Release|Any CPU
		{340C64B1-DA63-BE3C-65FB-E21F257CD0E0}.Debug|Any CPU.ActiveCfg = Debug|Any CPU
		{340C64B1-DA63-BE3C-65FB-E21F257CD0E0}.Debug|Any CPU.Build.0 = Debug|Any CPU
		{340C64B1-DA63-BE3C-65FB-E21F257CD0E0}.Release|Any CPU.ActiveCfg = Release|Any CPU
		{340C64B1-DA63-BE3C-65FB-E21F257CD0E0}.Release|Any CPU.Build.0 = Release|Any CPU
		{E9203A22-3F8A-F4DC-B963-8E7BFB654A17}.Debug|Any CPU.ActiveCfg = Debug|Any CPU
		{E9203A22-3F8A-F4DC-B963-8E7BFB654A17}.Debug|Any CPU.Build.0 = Debug|Any CPU
		{E9203A22-3F8A-F4DC-B963-8E7BFB654A17}.Release|Any CPU.ActiveCfg = Release|Any CPU
		{E9203A22-3F8A-F4DC-B963-8E7BFB654A17}.Release|Any CPU.Build.0 = Release|Any CPU
		{1E1EA7CF-E1F9-DC3C-833C-0C0E4B2B6352}.Debug|Any CPU.ActiveCfg = Debug|Any CPU
		{1E1EA7CF-E1F9-DC3C-833C-0C0E4B2B6352}.Debug|Any CPU.Build.0 = Debug|Any CPU
		{1E1EA7CF-E1F9-DC3C-833C-0C0E4B2B6352}.Release|Any CPU.ActiveCfg = Release|Any CPU
		{1E1EA7CF-E1F9-DC3C-833C-0C0E4B2B6352}.Release|Any CPU.Build.0 = Release|Any CPU
		{14B62573-A9E5-6DA7-56CA-74E47B56A78B}.Debug|Any CPU.ActiveCfg = Debug|Any CPU
		{14B62573-A9E5-6DA7-56CA-74E47B56A78B}.Debug|Any CPU.Build.0 = Debug|Any CPU
		{14B62573-A9E5-6DA7-56CA-74E47B56A78B}.Release|Any CPU.ActiveCfg = Release|Any CPU
		{14B62573-A9E5-6DA7-56CA-74E47B56A78B}.Release|Any CPU.Build.0 = Release|Any CPU
		{90441198-B93F-18FF-1BA0-1901806867FF}.Debug|Any CPU.ActiveCfg = Debug|Any CPU
		{90441198-B93F-18FF-1BA0-1901806867FF}.Debug|Any CPU.Build.0 = Debug|Any CPU
		{90441198-B93F-18FF-1BA0-1901806867FF}.Release|Any CPU.ActiveCfg = Release|Any CPU
		{90441198-B93F-18FF-1BA0-1901806867FF}.Release|Any CPU.Build.0 = Release|Any CPU
		{98FBBB47-4458-EC7C-7F4D-761D9CEEF065}.Debug|Any CPU.ActiveCfg = Debug|Any CPU
		{98FBBB47-4458-EC7C-7F4D-761D9CEEF065}.Debug|Any CPU.Build.0 = Debug|Any CPU
		{98FBBB47-4458-EC7C-7F4D-761D9CEEF065}.Release|Any CPU.ActiveCfg = Release|Any CPU
		{98FBBB47-4458-EC7C-7F4D-761D9CEEF065}.Release|Any CPU.Build.0 = Release|Any CPU
		{9009DBB0-789C-C1F4-7146-CCCBC6FBA92B}.Debug|Any CPU.ActiveCfg = Debug|Any CPU
		{9009DBB0-789C-C1F4-7146-CCCBC6FBA92B}.Debug|Any CPU.Build.0 = Debug|Any CPU
		{9009DBB0-789C-C1F4-7146-CCCBC6FBA92B}.Release|Any CPU.ActiveCfg = Release|Any CPU
		{9009DBB0-789C-C1F4-7146-CCCBC6FBA92B}.Release|Any CPU.Build.0 = Release|Any CPU
		{2ABC80A5-87FC-9177-9957-C32C27086018}.Debug|Any CPU.ActiveCfg = Debug|Any CPU
		{2ABC80A5-87FC-9177-9957-C32C27086018}.Debug|Any CPU.Build.0 = Debug|Any CPU
		{2ABC80A5-87FC-9177-9957-C32C27086018}.Release|Any CPU.ActiveCfg = Release|Any CPU
		{2ABC80A5-87FC-9177-9957-C32C27086018}.Release|Any CPU.Build.0 = Release|Any CPU
		{F9951AB9-210C-0253-44DA-BB5EF00FE0E3}.Debug|Any CPU.ActiveCfg = Debug|Any CPU
		{F9951AB9-210C-0253-44DA-BB5EF00FE0E3}.Debug|Any CPU.Build.0 = Debug|Any CPU
		{F9951AB9-210C-0253-44DA-BB5EF00FE0E3}.Release|Any CPU.ActiveCfg = Release|Any CPU
		{F9951AB9-210C-0253-44DA-BB5EF00FE0E3}.Release|Any CPU.Build.0 = Release|Any CPU
		{DFCD6102-66A6-A782-1DFA-18E96E29F317}.Debug|Any CPU.ActiveCfg = Debug|Any CPU
		{DFCD6102-66A6-A782-1DFA-18E96E29F317}.Debug|Any CPU.Build.0 = Debug|Any CPU
		{DFCD6102-66A6-A782-1DFA-18E96E29F317}.Release|Any CPU.ActiveCfg = Release|Any CPU
		{DFCD6102-66A6-A782-1DFA-18E96E29F317}.Release|Any CPU.Build.0 = Release|Any CPU
		{95B0BA76-CBED-8AC7-0408-B110C1662FA4}.Debug|Any CPU.ActiveCfg = Debug|Any CPU
		{95B0BA76-CBED-8AC7-0408-B110C1662FA4}.Debug|Any CPU.Build.0 = Debug|Any CPU
		{95B0BA76-CBED-8AC7-0408-B110C1662FA4}.Release|Any CPU.ActiveCfg = Release|Any CPU
		{95B0BA76-CBED-8AC7-0408-B110C1662FA4}.Release|Any CPU.Build.0 = Release|Any CPU
		{BE06A363-3BFE-CF5D-485B-9AF0417D6857}.Debug|Any CPU.ActiveCfg = Debug|Any CPU
		{BE06A363-3BFE-CF5D-485B-9AF0417D6857}.Debug|Any CPU.Build.0 = Debug|Any CPU
		{BE06A363-3BFE-CF5D-485B-9AF0417D6857}.Release|Any CPU.ActiveCfg = Release|Any CPU
		{BE06A363-3BFE-CF5D-485B-9AF0417D6857}.Release|Any CPU.Build.0 = Release|Any CPU
		{4769BD92-A793-D3E4-61FE-BEC49137C606}.Debug|Any CPU.ActiveCfg = Debug|Any CPU
		{4769BD92-A793-D3E4-61FE-BEC49137C606}.Debug|Any CPU.Build.0 = Debug|Any CPU
		{4769BD92-A793-D3E4-61FE-BEC49137C606}.Release|Any CPU.ActiveCfg = Release|Any CPU
		{4769BD92-A793-D3E4-61FE-BEC49137C606}.Release|Any CPU.Build.0 = Release|Any CPU
		{3A68BAFD-3361-74CE-5F00-F142E2CDF942}.Debug|Any CPU.ActiveCfg = Debug|Any CPU
		{3A68BAFD-3361-74CE-5F00-F142E2CDF942}.Debug|Any CPU.Build.0 = Debug|Any CPU
		{3A68BAFD-3361-74CE-5F00-F142E2CDF942}.Release|Any CPU.ActiveCfg = Release|Any CPU
		{3A68BAFD-3361-74CE-5F00-F142E2CDF942}.Release|Any CPU.Build.0 = Release|Any CPU
		{572B9DF6-60BA-EF04-5D1B-DA160BE7AA99}.Debug|Any CPU.ActiveCfg = Debug|Any CPU
		{572B9DF6-60BA-EF04-5D1B-DA160BE7AA99}.Debug|Any CPU.Build.0 = Debug|Any CPU
		{572B9DF6-60BA-EF04-5D1B-DA160BE7AA99}.Release|Any CPU.ActiveCfg = Release|Any CPU
		{572B9DF6-60BA-EF04-5D1B-DA160BE7AA99}.Release|Any CPU.Build.0 = Release|Any CPU
		{12F2A2CF-41CA-540D-C008-B2251B62AE0A}.Debug|Any CPU.ActiveCfg = Debug|Any CPU
		{12F2A2CF-41CA-540D-C008-B2251B62AE0A}.Debug|Any CPU.Build.0 = Debug|Any CPU
		{12F2A2CF-41CA-540D-C008-B2251B62AE0A}.Release|Any CPU.ActiveCfg = Release|Any CPU
		{12F2A2CF-41CA-540D-C008-B2251B62AE0A}.Release|Any CPU.Build.0 = Release|Any CPU
		{3795A33A-3A7D-038C-0774-5632CF486A7E}.Debug|Any CPU.ActiveCfg = Debug|Any CPU
		{3795A33A-3A7D-038C-0774-5632CF486A7E}.Debug|Any CPU.Build.0 = Debug|Any CPU
		{3795A33A-3A7D-038C-0774-5632CF486A7E}.Release|Any CPU.ActiveCfg = Release|Any CPU
		{3795A33A-3A7D-038C-0774-5632CF486A7E}.Release|Any CPU.Build.0 = Release|Any CPU
		{C902F1F1-A689-4E8E-E5C9-DB3B10862829}.Debug|Any CPU.ActiveCfg = Debug|Any CPU
		{C902F1F1-A689-4E8E-E5C9-DB3B10862829}.Debug|Any CPU.Build.0 = Debug|Any CPU
		{C902F1F1-A689-4E8E-E5C9-DB3B10862829}.Release|Any CPU.ActiveCfg = Release|Any CPU
		{C902F1F1-A689-4E8E-E5C9-DB3B10862829}.Release|Any CPU.Build.0 = Release|Any CPU
		{73B1CDA4-98D8-AB6D-0DDB-B808663A6AF9}.Debug|Any CPU.ActiveCfg = Debug|Any CPU
		{73B1CDA4-98D8-AB6D-0DDB-B808663A6AF9}.Debug|Any CPU.Build.0 = Debug|Any CPU
		{73B1CDA4-98D8-AB6D-0DDB-B808663A6AF9}.Release|Any CPU.ActiveCfg = Release|Any CPU
		{73B1CDA4-98D8-AB6D-0DDB-B808663A6AF9}.Release|Any CPU.Build.0 = Release|Any CPU
		{C7320707-2369-DB13-0DF1-196F7A294BC8}.Debug|Any CPU.ActiveCfg = Debug|Any CPU
		{C7320707-2369-DB13-0DF1-196F7A294BC8}.Debug|Any CPU.Build.0 = Debug|Any CPU
		{C7320707-2369-DB13-0DF1-196F7A294BC8}.Release|Any CPU.ActiveCfg = Release|Any CPU
		{C7320707-2369-DB13-0DF1-196F7A294BC8}.Release|Any CPU.Build.0 = Release|Any CPU
		{8DCD2298-EA65-F6DF-619C-1541A4872883}.Debug|Any CPU.ActiveCfg = Debug|Any CPU
		{8DCD2298-EA65-F6DF-619C-1541A4872883}.Debug|Any CPU.Build.0 = Debug|Any CPU
		{8DCD2298-EA65-F6DF-619C-1541A4872883}.Release|Any CPU.ActiveCfg = Release|Any CPU
		{8DCD2298-EA65-F6DF-619C-1541A4872883}.Release|Any CPU.Build.0 = Release|Any CPU
		{B6387D1A-4584-CFED-1019-15219D86951D}.Debug|Any CPU.ActiveCfg = Debug|Any CPU
		{B6387D1A-4584-CFED-1019-15219D86951D}.Debug|Any CPU.Build.0 = Debug|Any CPU
		{B6387D1A-4584-CFED-1019-15219D86951D}.Release|Any CPU.ActiveCfg = Release|Any CPU
		{B6387D1A-4584-CFED-1019-15219D86951D}.Release|Any CPU.Build.0 = Release|Any CPU
		{7A51E59C-A3F7-4910-E1C9-316D480C84CD}.Debug|Any CPU.ActiveCfg = Debug|Any CPU
		{7A51E59C-A3F7-4910-E1C9-316D480C84CD}.Debug|Any CPU.Build.0 = Debug|Any CPU
		{7A51E59C-A3F7-4910-E1C9-316D480C84CD}.Release|Any CPU.ActiveCfg = Release|Any CPU
		{7A51E59C-A3F7-4910-E1C9-316D480C84CD}.Release|Any CPU.Build.0 = Release|Any CPU
		{7B13F6BB-F9E2-2A62-76A4-7F7650722449}.Debug|Any CPU.ActiveCfg = Debug|Any CPU
		{7B13F6BB-F9E2-2A62-76A4-7F7650722449}.Debug|Any CPU.Build.0 = Debug|Any CPU
		{7B13F6BB-F9E2-2A62-76A4-7F7650722449}.Release|Any CPU.ActiveCfg = Release|Any CPU
		{7B13F6BB-F9E2-2A62-76A4-7F7650722449}.Release|Any CPU.Build.0 = Release|Any CPU
		{C783F6F4-E26D-520A-0DCC-9C54C6737547}.Debug|Any CPU.ActiveCfg = Debug|Any CPU
		{C783F6F4-E26D-520A-0DCC-9C54C6737547}.Debug|Any CPU.Build.0 = Debug|Any CPU
		{C783F6F4-E26D-520A-0DCC-9C54C6737547}.Release|Any CPU.ActiveCfg = Release|Any CPU
		{C783F6F4-E26D-520A-0DCC-9C54C6737547}.Release|Any CPU.Build.0 = Release|Any CPU
		{C5403801-6C81-09C8-9001-99C18F63667F}.Debug|Any CPU.ActiveCfg = Debug|Any CPU
		{C5403801-6C81-09C8-9001-99C18F63667F}.Debug|Any CPU.Build.0 = Debug|Any CPU
		{C5403801-6C81-09C8-9001-99C18F63667F}.Release|Any CPU.ActiveCfg = Release|Any CPU
		{C5403801-6C81-09C8-9001-99C18F63667F}.Release|Any CPU.Build.0 = Release|Any CPU
		{AED6007F-86D2-404F-8E1B-238ED25264B9}.Debug|Any CPU.ActiveCfg = Debug|Any CPU
		{AED6007F-86D2-404F-8E1B-238ED25264B9}.Debug|Any CPU.Build.0 = Debug|Any CPU
		{AED6007F-86D2-404F-8E1B-238ED25264B9}.Release|Any CPU.ActiveCfg = Release|Any CPU
		{AED6007F-86D2-404F-8E1B-238ED25264B9}.Release|Any CPU.Build.0 = Release|Any CPU
		{46BCD39C-0C66-F9CA-A6E7-1CA74CAAAC62}.Debug|Any CPU.ActiveCfg = Debug|Any CPU
		{46BCD39C-0C66-F9CA-A6E7-1CA74CAAAC62}.Debug|Any CPU.Build.0 = Debug|Any CPU
		{46BCD39C-0C66-F9CA-A6E7-1CA74CAAAC62}.Release|Any CPU.ActiveCfg = Release|Any CPU
		{46BCD39C-0C66-F9CA-A6E7-1CA74CAAAC62}.Release|Any CPU.Build.0 = Release|Any CPU
		{EE19A3A0-2AC4-846D-20A8-178D45A0E006}.Debug|Any CPU.ActiveCfg = Debug|Any CPU
		{EE19A3A0-2AC4-846D-20A8-178D45A0E006}.Debug|Any CPU.Build.0 = Debug|Any CPU
		{EE19A3A0-2AC4-846D-20A8-178D45A0E006}.Release|Any CPU.ActiveCfg = Release|Any CPU
		{EE19A3A0-2AC4-846D-20A8-178D45A0E006}.Release|Any CPU.Build.0 = Release|Any CPU
		{C7FC3469-2F5C-E469-C693-796C6100DF2C}.Debug|Any CPU.ActiveCfg = Debug|Any CPU
		{C7FC3469-2F5C-E469-C693-796C6100DF2C}.Debug|Any CPU.Build.0 = Debug|Any CPU
		{C7FC3469-2F5C-E469-C693-796C6100DF2C}.Release|Any CPU.ActiveCfg = Release|Any CPU
		{C7FC3469-2F5C-E469-C693-796C6100DF2C}.Release|Any CPU.Build.0 = Release|Any CPU
		{5E30391E-1666-2233-AF6F-A2CFBFBA7FD0}.Debug|Any CPU.ActiveCfg = Debug|Any CPU
		{5E30391E-1666-2233-AF6F-A2CFBFBA7FD0}.Debug|Any CPU.Build.0 = Debug|Any CPU
		{5E30391E-1666-2233-AF6F-A2CFBFBA7FD0}.Release|Any CPU.ActiveCfg = Release|Any CPU
		{5E30391E-1666-2233-AF6F-A2CFBFBA7FD0}.Release|Any CPU.Build.0 = Release|Any CPU
		{941EF6B2-776A-F463-9844-3036AA6CC6A1}.Debug|Any CPU.ActiveCfg = Debug|Any CPU
		{941EF6B2-776A-F463-9844-3036AA6CC6A1}.Debug|Any CPU.Build.0 = Debug|Any CPU
		{941EF6B2-776A-F463-9844-3036AA6CC6A1}.Release|Any CPU.ActiveCfg = Release|Any CPU
		{941EF6B2-776A-F463-9844-3036AA6CC6A1}.Release|Any CPU.Build.0 = Release|Any CPU
		{884B950A-3805-AD19-2451-C06773F9596E}.Debug|Any CPU.ActiveCfg = Debug|Any CPU
		{884B950A-3805-AD19-2451-C06773F9596E}.Debug|Any CPU.Build.0 = Debug|Any CPU
		{884B950A-3805-AD19-2451-C06773F9596E}.Release|Any CPU.ActiveCfg = Release|Any CPU
		{884B950A-3805-AD19-2451-C06773F9596E}.Release|Any CPU.Build.0 = Release|Any CPU
		{7C240065-4210-A6B6-1C52-6C43624028EE}.Debug|Any CPU.ActiveCfg = Debug|Any CPU
		{7C240065-4210-A6B6-1C52-6C43624028EE}.Debug|Any CPU.Build.0 = Debug|Any CPU
		{7C240065-4210-A6B6-1C52-6C43624028EE}.Release|Any CPU.ActiveCfg = Release|Any CPU
		{7C240065-4210-A6B6-1C52-6C43624028EE}.Release|Any CPU.Build.0 = Release|Any CPU
		{D35CB876-484E-F3B0-0B40-57ADBC05191E}.Debug|Any CPU.ActiveCfg = Debug|Any CPU
		{D35CB876-484E-F3B0-0B40-57ADBC05191E}.Debug|Any CPU.Build.0 = Debug|Any CPU
		{D35CB876-484E-F3B0-0B40-57ADBC05191E}.Release|Any CPU.ActiveCfg = Release|Any CPU
		{D35CB876-484E-F3B0-0B40-57ADBC05191E}.Release|Any CPU.Build.0 = Release|Any CPU
		{2D1B1392-A554-3F5C-7728-4B7D9F999A69}.Debug|Any CPU.ActiveCfg = Debug|Any CPU
		{2D1B1392-A554-3F5C-7728-4B7D9F999A69}.Debug|Any CPU.Build.0 = Debug|Any CPU
		{2D1B1392-A554-3F5C-7728-4B7D9F999A69}.Release|Any CPU.ActiveCfg = Release|Any CPU
		{2D1B1392-A554-3F5C-7728-4B7D9F999A69}.Release|Any CPU.Build.0 = Release|Any CPU
		{5DA652EC-21B6-AC34-3DDB-4F3979C103A2}.Debug|Any CPU.ActiveCfg = Debug|Any CPU
		{5DA652EC-21B6-AC34-3DDB-4F3979C103A2}.Debug|Any CPU.Build.0 = Debug|Any CPU
		{5DA652EC-21B6-AC34-3DDB-4F3979C103A2}.Release|Any CPU.ActiveCfg = Release|Any CPU
		{5DA652EC-21B6-AC34-3DDB-4F3979C103A2}.Release|Any CPU.Build.0 = Release|Any CPU
		{BA534118-AF01-3152-D73B-726E2D24D8C9}.Debug|Any CPU.ActiveCfg = Debug|Any CPU
		{BA534118-AF01-3152-D73B-726E2D24D8C9}.Debug|Any CPU.Build.0 = Debug|Any CPU
		{BA534118-AF01-3152-D73B-726E2D24D8C9}.Release|Any CPU.ActiveCfg = Release|Any CPU
		{BA534118-AF01-3152-D73B-726E2D24D8C9}.Release|Any CPU.Build.0 = Release|Any CPU
		{A6DF9181-1A16-515C-3A24-7863D9EF7181}.Debug|Any CPU.ActiveCfg = Debug|Any CPU
		{A6DF9181-1A16-515C-3A24-7863D9EF7181}.Debug|Any CPU.Build.0 = Debug|Any CPU
		{A6DF9181-1A16-515C-3A24-7863D9EF7181}.Release|Any CPU.ActiveCfg = Release|Any CPU
		{A6DF9181-1A16-515C-3A24-7863D9EF7181}.Release|Any CPU.Build.0 = Release|Any CPU
		{995EE674-8ABA-4963-2117-4CD845CDC4A6}.Debug|Any CPU.ActiveCfg = Debug|Any CPU
		{995EE674-8ABA-4963-2117-4CD845CDC4A6}.Debug|Any CPU.Build.0 = Debug|Any CPU
		{995EE674-8ABA-4963-2117-4CD845CDC4A6}.Release|Any CPU.ActiveCfg = Release|Any CPU
		{995EE674-8ABA-4963-2117-4CD845CDC4A6}.Release|Any CPU.Build.0 = Release|Any CPU
		{56249B85-60A9-A437-6459-743B32A74F60}.Debug|Any CPU.ActiveCfg = Debug|Any CPU
		{56249B85-60A9-A437-6459-743B32A74F60}.Debug|Any CPU.Build.0 = Debug|Any CPU
		{56249B85-60A9-A437-6459-743B32A74F60}.Release|Any CPU.ActiveCfg = Release|Any CPU
		{56249B85-60A9-A437-6459-743B32A74F60}.Release|Any CPU.Build.0 = Release|Any CPU
		{EEA24574-1919-D3A2-1CD6-7BEB33BD9306}.Debug|Any CPU.ActiveCfg = Debug|Any CPU
		{EEA24574-1919-D3A2-1CD6-7BEB33BD9306}.Debug|Any CPU.Build.0 = Debug|Any CPU
		{EEA24574-1919-D3A2-1CD6-7BEB33BD9306}.Release|Any CPU.ActiveCfg = Release|Any CPU
		{EEA24574-1919-D3A2-1CD6-7BEB33BD9306}.Release|Any CPU.Build.0 = Release|Any CPU
		{AD7060DF-25C8-3379-B2D0-5AFFBB1138ED}.Debug|Any CPU.ActiveCfg = Debug|Any CPU
		{AD7060DF-25C8-3379-B2D0-5AFFBB1138ED}.Debug|Any CPU.Build.0 = Debug|Any CPU
		{AD7060DF-25C8-3379-B2D0-5AFFBB1138ED}.Release|Any CPU.ActiveCfg = Release|Any CPU
		{AD7060DF-25C8-3379-B2D0-5AFFBB1138ED}.Release|Any CPU.Build.0 = Release|Any CPU
		{2D3E0F9B-28D5-8D57-9426-3EA1B2BB3429}.Debug|Any CPU.ActiveCfg = Debug|Any CPU
		{2D3E0F9B-28D5-8D57-9426-3EA1B2BB3429}.Debug|Any CPU.Build.0 = Debug|Any CPU
		{2D3E0F9B-28D5-8D57-9426-3EA1B2BB3429}.Release|Any CPU.ActiveCfg = Release|Any CPU
		{2D3E0F9B-28D5-8D57-9426-3EA1B2BB3429}.Release|Any CPU.Build.0 = Release|Any CPU
		{3F465D85-FF81-94E8-A53C-DCD76A8D312E}.Debug|Any CPU.ActiveCfg = Debug|Any CPU
		{3F465D85-FF81-94E8-A53C-DCD76A8D312E}.Debug|Any CPU.Build.0 = Debug|Any CPU
		{3F465D85-FF81-94E8-A53C-DCD76A8D312E}.Release|Any CPU.ActiveCfg = Release|Any CPU
		{3F465D85-FF81-94E8-A53C-DCD76A8D312E}.Release|Any CPU.Build.0 = Release|Any CPU
		{458D9BE7-C4E9-95E0-9BCB-AAAAFF856851}.Debug|Any CPU.ActiveCfg = Debug|Any CPU
		{458D9BE7-C4E9-95E0-9BCB-AAAAFF856851}.Debug|Any CPU.Build.0 = Debug|Any CPU
		{458D9BE7-C4E9-95E0-9BCB-AAAAFF856851}.Release|Any CPU.ActiveCfg = Release|Any CPU
		{458D9BE7-C4E9-95E0-9BCB-AAAAFF856851}.Release|Any CPU.Build.0 = Release|Any CPU
		{BFCBAAA8-0B81-0F94-C490-014B67A192FD}.Debug|Any CPU.ActiveCfg = Debug|Any CPU
		{BFCBAAA8-0B81-0F94-C490-014B67A192FD}.Debug|Any CPU.Build.0 = Debug|Any CPU
		{BFCBAAA8-0B81-0F94-C490-014B67A192FD}.Release|Any CPU.ActiveCfg = Release|Any CPU
		{BFCBAAA8-0B81-0F94-C490-014B67A192FD}.Release|Any CPU.Build.0 = Release|Any CPU
		{2A8EC7CD-B298-179E-C971-58890D10EA4C}.Debug|Any CPU.ActiveCfg = Debug|Any CPU
		{2A8EC7CD-B298-179E-C971-58890D10EA4C}.Debug|Any CPU.Build.0 = Debug|Any CPU
		{2A8EC7CD-B298-179E-C971-58890D10EA4C}.Release|Any CPU.ActiveCfg = Release|Any CPU
		{2A8EC7CD-B298-179E-C971-58890D10EA4C}.Release|Any CPU.Build.0 = Release|Any CPU
		{4589DB45-885F-6873-A1B2-69CF75BEFC02}.Debug|Any CPU.ActiveCfg = Debug|Any CPU
		{4589DB45-885F-6873-A1B2-69CF75BEFC02}.Debug|Any CPU.Build.0 = Debug|Any CPU
		{4589DB45-885F-6873-A1B2-69CF75BEFC02}.Release|Any CPU.ActiveCfg = Release|Any CPU
		{4589DB45-885F-6873-A1B2-69CF75BEFC02}.Release|Any CPU.Build.0 = Release|Any CPU
		{15DE96B9-5BA3-A69A-FB90-79C28195C448}.Debug|Any CPU.ActiveCfg = Debug|Any CPU
		{15DE96B9-5BA3-A69A-FB90-79C28195C448}.Debug|Any CPU.Build.0 = Debug|Any CPU
		{15DE96B9-5BA3-A69A-FB90-79C28195C448}.Release|Any CPU.ActiveCfg = Release|Any CPU
		{15DE96B9-5BA3-A69A-FB90-79C28195C448}.Release|Any CPU.Build.0 = Release|Any CPU
		{9C6AF678-B41B-CCF5-2922-891B93D970DF}.Debug|Any CPU.ActiveCfg = Debug|Any CPU
		{9C6AF678-B41B-CCF5-2922-891B93D970DF}.Debug|Any CPU.Build.0 = Debug|Any CPU
		{9C6AF678-B41B-CCF5-2922-891B93D970DF}.Release|Any CPU.ActiveCfg = Release|Any CPU
		{9C6AF678-B41B-CCF5-2922-891B93D970DF}.Release|Any CPU.Build.0 = Release|Any CPU
		{64AC4E20-9F69-536B-9EC3-BF57D191303E}.Debug|Any CPU.ActiveCfg = Debug|Any CPU
		{64AC4E20-9F69-536B-9EC3-BF57D191303E}.Debug|Any CPU.Build.0 = Debug|Any CPU
		{64AC4E20-9F69-536B-9EC3-BF57D191303E}.Release|Any CPU.ActiveCfg = Release|Any CPU
		{64AC4E20-9F69-536B-9EC3-BF57D191303E}.Release|Any CPU.Build.0 = Release|Any CPU
		{6A425102-1988-78E9-1D7E-5234FB244E10}.Debug|Any CPU.ActiveCfg = Debug|Any CPU
		{6A425102-1988-78E9-1D7E-5234FB244E10}.Debug|Any CPU.Build.0 = Debug|Any CPU
		{6A425102-1988-78E9-1D7E-5234FB244E10}.Release|Any CPU.ActiveCfg = Release|Any CPU
		{6A425102-1988-78E9-1D7E-5234FB244E10}.Release|Any CPU.Build.0 = Release|Any CPU
		{4536D972-E977-53BD-A8FB-98CFF7D653D6}.Debug|Any CPU.ActiveCfg = Debug|Any CPU
		{4536D972-E977-53BD-A8FB-98CFF7D653D6}.Debug|Any CPU.Build.0 = Debug|Any CPU
		{4536D972-E977-53BD-A8FB-98CFF7D653D6}.Release|Any CPU.ActiveCfg = Release|Any CPU
		{4536D972-E977-53BD-A8FB-98CFF7D653D6}.Release|Any CPU.Build.0 = Release|Any CPU
		{85D8272B-AB5F-4F43-121F-1CE25A5DBBE2}.Debug|Any CPU.ActiveCfg = Debug|Any CPU
		{85D8272B-AB5F-4F43-121F-1CE25A5DBBE2}.Debug|Any CPU.Build.0 = Debug|Any CPU
		{85D8272B-AB5F-4F43-121F-1CE25A5DBBE2}.Release|Any CPU.ActiveCfg = Release|Any CPU
		{85D8272B-AB5F-4F43-121F-1CE25A5DBBE2}.Release|Any CPU.Build.0 = Release|Any CPU
		{D24C2CD5-934A-EA97-E58E-223D9064F823}.Debug|Any CPU.ActiveCfg = Debug|Any CPU
		{D24C2CD5-934A-EA97-E58E-223D9064F823}.Debug|Any CPU.Build.0 = Debug|Any CPU
		{D24C2CD5-934A-EA97-E58E-223D9064F823}.Release|Any CPU.ActiveCfg = Release|Any CPU
		{D24C2CD5-934A-EA97-E58E-223D9064F823}.Release|Any CPU.Build.0 = Release|Any CPU
		{3D5590B6-54D1-E5DC-9EA3-E1081BC35F10}.Debug|Any CPU.ActiveCfg = Debug|Any CPU
		{3D5590B6-54D1-E5DC-9EA3-E1081BC35F10}.Debug|Any CPU.Build.0 = Debug|Any CPU
		{3D5590B6-54D1-E5DC-9EA3-E1081BC35F10}.Release|Any CPU.ActiveCfg = Release|Any CPU
		{3D5590B6-54D1-E5DC-9EA3-E1081BC35F10}.Release|Any CPU.Build.0 = Release|Any CPU
		{84037250-B415-D8F4-5EC9-06E4875EA23F}.Debug|Any CPU.ActiveCfg = Debug|Any CPU
		{84037250-B415-D8F4-5EC9-06E4875EA23F}.Debug|Any CPU.Build.0 = Debug|Any CPU
		{84037250-B415-D8F4-5EC9-06E4875EA23F}.Release|Any CPU.ActiveCfg = Release|Any CPU
		{84037250-B415-D8F4-5EC9-06E4875EA23F}.Release|Any CPU.Build.0 = Release|Any CPU
		{AFB34366-0F86-1F64-2C5C-0647AEC8D034}.Debug|Any CPU.ActiveCfg = Debug|Any CPU
		{AFB34366-0F86-1F64-2C5C-0647AEC8D034}.Debug|Any CPU.Build.0 = Debug|Any CPU
		{AFB34366-0F86-1F64-2C5C-0647AEC8D034}.Release|Any CPU.ActiveCfg = Release|Any CPU
		{AFB34366-0F86-1F64-2C5C-0647AEC8D034}.Release|Any CPU.Build.0 = Release|Any CPU
		{45AAD822-7C1E-4701-E3C2-FCC1BC578C2C}.Debug|Any CPU.ActiveCfg = Debug|Any CPU
		{45AAD822-7C1E-4701-E3C2-FCC1BC578C2C}.Debug|Any CPU.Build.0 = Debug|Any CPU
		{45AAD822-7C1E-4701-E3C2-FCC1BC578C2C}.Release|Any CPU.ActiveCfg = Release|Any CPU
		{45AAD822-7C1E-4701-E3C2-FCC1BC578C2C}.Release|Any CPU.Build.0 = Release|Any CPU
		{70B25BCF-C1A7-89D4-8913-007773EE76CC}.Debug|Any CPU.ActiveCfg = Debug|Any CPU
		{70B25BCF-C1A7-89D4-8913-007773EE76CC}.Debug|Any CPU.Build.0 = Debug|Any CPU
		{70B25BCF-C1A7-89D4-8913-007773EE76CC}.Release|Any CPU.ActiveCfg = Release|Any CPU
		{70B25BCF-C1A7-89D4-8913-007773EE76CC}.Release|Any CPU.Build.0 = Release|Any CPU
		{D3532AFC-F1F3-F475-D7CF-DF8AD696E236}.Debug|Any CPU.ActiveCfg = Debug|Any CPU
		{D3532AFC-F1F3-F475-D7CF-DF8AD696E236}.Debug|Any CPU.Build.0 = Debug|Any CPU
		{D3532AFC-F1F3-F475-D7CF-DF8AD696E236}.Release|Any CPU.ActiveCfg = Release|Any CPU
		{D3532AFC-F1F3-F475-D7CF-DF8AD696E236}.Release|Any CPU.Build.0 = Release|Any CPU
	EndGlobalSection
	GlobalSection(SolutionProperties) = preSolution
		HideSolutionNode = FALSE
	EndGlobalSection
EndGlobal
